// !$*UTF8*$!
{
	archiveVersion = 1;
	classes = {
	};
	objectVersion = 46;
	objects = {

/* Begin PBXBuildFile section */
		26A5C5E8193A19230089475F /* Foundation.framework in Frameworks */ = {isa = PBXBuildFile; fileRef = 26A5C5E7193A19230089475F /* Foundation.framework */; };
		26A5C5EA193A19230089475F /* CoreGraphics.framework in Frameworks */ = {isa = PBXBuildFile; fileRef = 26A5C5E9193A19230089475F /* CoreGraphics.framework */; };
		26A5C5EC193A19230089475F /* UIKit.framework in Frameworks */ = {isa = PBXBuildFile; fileRef = 26A5C5EB193A19230089475F /* UIKit.framework */; };
		26A5C5F2193A19230089475F /* InfoPlist.strings in Resources */ = {isa = PBXBuildFile; fileRef = 26A5C5F0193A19230089475F /* InfoPlist.strings */; };
		26A5C5F4193A19230089475F /* main.m in Sources */ = {isa = PBXBuildFile; fileRef = 26A5C5F3193A19230089475F /* main.m */; };
		26A5C5F8193A19230089475F /* AppDelegate.m in Sources */ = {isa = PBXBuildFile; fileRef = 26A5C5F7193A19230089475F /* AppDelegate.m */; };
		26A5C5FB193A19230089475F /* Main.storyboard in Resources */ = {isa = PBXBuildFile; fileRef = 26A5C5F9193A19230089475F /* Main.storyboard */; };
		26A5C5FE193A19230089475F /* ViewController.m in Sources */ = {isa = PBXBuildFile; fileRef = 26A5C5FD193A19230089475F /* ViewController.m */; };
		26A5C600193A19230089475F /* Images.xcassets in Resources */ = {isa = PBXBuildFile; fileRef = 26A5C5FF193A19230089475F /* Images.xcassets */; };
		26A5C607193A19230089475F /* XCTest.framework in Frameworks */ = {isa = PBXBuildFile; fileRef = 26A5C606193A19230089475F /* XCTest.framework */; };
		26A5C608193A19230089475F /* Foundation.framework in Frameworks */ = {isa = PBXBuildFile; fileRef = 26A5C5E7193A19230089475F /* Foundation.framework */; };
		26A5C609193A19230089475F /* UIKit.framework in Frameworks */ = {isa = PBXBuildFile; fileRef = 26A5C5EB193A19230089475F /* UIKit.framework */; };
		26A5C611193A19230089475F /* InfoPlist.strings in Resources */ = {isa = PBXBuildFile; fileRef = 26A5C60F193A19230089475F /* InfoPlist.strings */; };
		26A5C613193A19230089475F /* QuintXTests.m in Sources */ = {isa = PBXBuildFile; fileRef = 26A5C612193A19230089475F /* QuintXTests.m */; };
/* End PBXBuildFile section */

/* Begin PBXContainerItemProxy section */
		26A5C60A193A19230089475F /* PBXContainerItemProxy */ = {
			isa = PBXContainerItemProxy;
			containerPortal = 26A5C5DC193A19230089475F /* Project object */;
			proxyType = 1;
			remoteGlobalIDString = 26A5C5E3193A19230089475F;
			remoteInfo = QuintX;
		};
/* End PBXContainerItemProxy section */

/* Begin PBXFileReference section */
		26A5C5E4193A19230089475F /* QuintX.app */ = {isa = PBXFileReference; explicitFileType = wrapper.application; includeInIndex = 0; path = QuintX.app; sourceTree = BUILT_PRODUCTS_DIR; };
		26A5C5E7193A19230089475F /* Foundation.framework */ = {isa = PBXFileReference; lastKnownFileType = wrapper.framework; name = Foundation.framework; path = System/Library/Frameworks/Foundation.framework; sourceTree = SDKROOT; };
		26A5C5E9193A19230089475F /* CoreGraphics.framework */ = {isa = PBXFileReference; lastKnownFileType = wrapper.framework; name = CoreGraphics.framework; path = System/Library/Frameworks/CoreGraphics.framework; sourceTree = SDKROOT; };
		26A5C5EB193A19230089475F /* UIKit.framework */ = {isa = PBXFileReference; lastKnownFileType = wrapper.framework; name = UIKit.framework; path = System/Library/Frameworks/UIKit.framework; sourceTree = SDKROOT; };
		26A5C5EF193A19230089475F /* QuintX-Info.plist */ = {isa = PBXFileReference; lastKnownFileType = text.plist.xml; path = "QuintX-Info.plist"; sourceTree = "<group>"; };
		26A5C5F1193A19230089475F /* en */ = {isa = PBXFileReference; lastKnownFileType = text.plist.strings; name = en; path = en.lproj/InfoPlist.strings; sourceTree = "<group>"; };
		26A5C5F3193A19230089475F /* main.m */ = {isa = PBXFileReference; lastKnownFileType = sourcecode.c.objc; path = main.m; sourceTree = "<group>"; };
		26A5C5F5193A19230089475F /* QuintX-Prefix.pch */ = {isa = PBXFileReference; lastKnownFileType = sourcecode.c.h; path = "QuintX-Prefix.pch"; sourceTree = "<group>"; };
		26A5C5F6193A19230089475F /* AppDelegate.h */ = {isa = PBXFileReference; lastKnownFileType = sourcecode.c.h; path = AppDelegate.h; sourceTree = "<group>"; };
		26A5C5F7193A19230089475F /* AppDelegate.m */ = {isa = PBXFileReference; lastKnownFileType = sourcecode.c.objc; path = AppDelegate.m; sourceTree = "<group>"; };
		26A5C5FA193A19230089475F /* Base */ = {isa = PBXFileReference; lastKnownFileType = file.storyboard; name = Base; path = Base.lproj/Main.storyboard; sourceTree = "<group>"; };
		26A5C5FC193A19230089475F /* ViewController.h */ = {isa = PBXFileReference; lastKnownFileType = sourcecode.c.h; path = ViewController.h; sourceTree = "<group>"; };
		26A5C5FD193A19230089475F /* ViewController.m */ = {isa = PBXFileReference; lastKnownFileType = sourcecode.c.objc; path = ViewController.m; sourceTree = "<group>"; };
		26A5C5FF193A19230089475F /* Images.xcassets */ = {isa = PBXFileReference; lastKnownFileType = folder.assetcatalog; path = Images.xcassets; sourceTree = "<group>"; };
		26A5C605193A19230089475F /* QuintXTests.xctest */ = {isa = PBXFileReference; explicitFileType = wrapper.cfbundle; includeInIndex = 0; path = QuintXTests.xctest; sourceTree = BUILT_PRODUCTS_DIR; };
		26A5C606193A19230089475F /* XCTest.framework */ = {isa = PBXFileReference; lastKnownFileType = wrapper.framework; name = XCTest.framework; path = Library/Frameworks/XCTest.framework; sourceTree = DEVELOPER_DIR; };
		26A5C60E193A19230089475F /* QuintXTests-Info.plist */ = {isa = PBXFileReference; lastKnownFileType = text.plist.xml; path = "QuintXTests-Info.plist"; sourceTree = "<group>"; };
		26A5C610193A19230089475F /* en */ = {isa = PBXFileReference; lastKnownFileType = text.plist.strings; name = en; path = en.lproj/InfoPlist.strings; sourceTree = "<group>"; };
		26A5C612193A19230089475F /* QuintXTests.m */ = {isa = PBXFileReference; lastKnownFileType = sourcecode.c.objc; path = QuintXTests.m; sourceTree = "<group>"; };
/* End PBXFileReference section */

/* Begin PBXFrameworksBuildPhase section */
		26A5C5E1193A19230089475F /* Frameworks */ = {
			isa = PBXFrameworksBuildPhase;
			buildActionMask = 2147483647;
			files = (
				26A5C5EA193A19230089475F /* CoreGraphics.framework in Frameworks */,
				26A5C5EC193A19230089475F /* UIKit.framework in Frameworks */,
				26A5C5E8193A19230089475F /* Foundation.framework in Frameworks */,
			);
			runOnlyForDeploymentPostprocessing = 0;
		};
		26A5C602193A19230089475F /* Frameworks */ = {
			isa = PBXFrameworksBuildPhase;
			buildActionMask = 2147483647;
			files = (
				26A5C607193A19230089475F /* XCTest.framework in Frameworks */,
				26A5C609193A19230089475F /* UIKit.framework in Frameworks */,
				26A5C608193A19230089475F /* Foundation.framework in Frameworks */,
			);
			runOnlyForDeploymentPostprocessing = 0;
		};
/* End PBXFrameworksBuildPhase section */

/* Begin PBXGroup section */
		26A5C5DB193A19230089475F = {
			isa = PBXGroup;
			children = (
				26A5C5ED193A19230089475F /* QuintX */,
				26A5C60C193A19230089475F /* QuintXTests */,
				26A5C5E6193A19230089475F /* Frameworks */,
				26A5C5E5193A19230089475F /* Products */,
			);
			sourceTree = "<group>";
		};
		26A5C5E5193A19230089475F /* Products */ = {
			isa = PBXGroup;
			children = (
				26A5C5E4193A19230089475F /* QuintX.app */,
				26A5C605193A19230089475F /* QuintXTests.xctest */,
			);
			name = Products;
			sourceTree = "<group>";
		};
		26A5C5E6193A19230089475F /* Frameworks */ = {
			isa = PBXGroup;
			children = (
				26A5C5E7193A19230089475F /* Foundation.framework */,
				26A5C5E9193A19230089475F /* CoreGraphics.framework */,
				26A5C5EB193A19230089475F /* UIKit.framework */,
				26A5C606193A19230089475F /* XCTest.framework */,
			);
			name = Frameworks;
			sourceTree = "<group>";
		};
		26A5C5ED193A19230089475F /* QuintX */ = {
			isa = PBXGroup;
			children = (
				26A5C5F6193A19230089475F /* AppDelegate.h */,
				26A5C5F7193A19230089475F /* AppDelegate.m */,
				26A5C5F9193A19230089475F /* Main.storyboard */,
				26A5C5FC193A19230089475F /* ViewController.h */,
				26A5C5FD193A19230089475F /* ViewController.m */,
				26A5C5FF193A19230089475F /* Images.xcassets */,
				26A5C5EE193A19230089475F /* Supporting Files */,
			);
			path = QuintX;
			sourceTree = "<group>";
		};
		26A5C5EE193A19230089475F /* Supporting Files */ = {
			isa = PBXGroup;
			children = (
				26A5C5EF193A19230089475F /* QuintX-Info.plist */,
				26A5C5F0193A19230089475F /* InfoPlist.strings */,
				26A5C5F3193A19230089475F /* main.m */,
				26A5C5F5193A19230089475F /* QuintX-Prefix.pch */,
			);
			name = "Supporting Files";
			sourceTree = "<group>";
		};
		26A5C60C193A19230089475F /* QuintXTests */ = {
			isa = PBXGroup;
			children = (
				26A5C612193A19230089475F /* QuintXTests.m */,
				26A5C60D193A19230089475F /* Supporting Files */,
			);
			path = QuintXTests;
			sourceTree = "<group>";
		};
		26A5C60D193A19230089475F /* Supporting Files */ = {
			isa = PBXGroup;
			children = (
				26A5C60E193A19230089475F /* QuintXTests-Info.plist */,
				26A5C60F193A19230089475F /* InfoPlist.strings */,
			);
			name = "Supporting Files";
			sourceTree = "<group>";
		};
/* End PBXGroup section */

/* Begin PBXNativeTarget section */
		26A5C5E3193A19230089475F /* QuintX */ = {
			isa = PBXNativeTarget;
			buildConfigurationList = 26A5C616193A19230089475F /* Build configuration list for PBXNativeTarget "QuintX" */;
			buildPhases = (
				26A5C5E0193A19230089475F /* Sources */,
				26A5C5E1193A19230089475F /* Frameworks */,
				26A5C5E2193A19230089475F /* Resources */,
			);
			buildRules = (
			);
			dependencies = (
			);
			name = QuintX;
			productName = QuintX;
			productReference = 26A5C5E4193A19230089475F /* QuintX.app */;
			productType = "com.apple.product-type.application";
		};
		26A5C604193A19230089475F /* QuintXTests */ = {
			isa = PBXNativeTarget;
			buildConfigurationList = 26A5C619193A19230089475F /* Build configuration list for PBXNativeTarget "QuintXTests" */;
			buildPhases = (
				26A5C601193A19230089475F /* Sources */,
				26A5C602193A19230089475F /* Frameworks */,
				26A5C603193A19230089475F /* Resources */,
			);
			buildRules = (
			);
			dependencies = (
				26A5C60B193A19230089475F /* PBXTargetDependency */,
			);
			name = QuintXTests;
			productName = QuintXTests;
			productReference = 26A5C605193A19230089475F /* QuintXTests.xctest */;
			productType = "com.apple.product-type.bundle.unit-test";
		};
/* End PBXNativeTarget section */

/* Begin PBXProject section */
		26A5C5DC193A19230089475F /* Project object */ = {
			isa = PBXProject;
			attributes = {
				LastUpgradeCheck = 0510;
				ORGANIZATIONNAME = shg;
				TargetAttributes = {
					26A5C604193A19230089475F = {
						TestTargetID = 26A5C5E3193A19230089475F;
					};
				};
			};
			buildConfigurationList = 26A5C5DF193A19230089475F /* Build configuration list for PBXProject "QuintX" */;
			compatibilityVersion = "Xcode 3.2";
			developmentRegion = English;
			hasScannedForEncodings = 0;
			knownRegions = (
				en,
				Base,
			);
			mainGroup = 26A5C5DB193A19230089475F;
			productRefGroup = 26A5C5E5193A19230089475F /* Products */;
			projectDirPath = "";
			projectRoot = "";
			targets = (
				26A5C5E3193A19230089475F /* QuintX */,
				26A5C604193A19230089475F /* QuintXTests */,
			);
		};
/* End PBXProject section */

/* Begin PBXResourcesBuildPhase section */
		26A5C5E2193A19230089475F /* Resources */ = {
			isa = PBXResourcesBuildPhase;
			buildActionMask = 2147483647;
			files = (
				26A5C600193A19230089475F /* Images.xcassets in Resources */,
				26A5C5F2193A19230089475F /* InfoPlist.strings in Resources */,
				26A5C5FB193A19230089475F /* Main.storyboard in Resources */,
			);
			runOnlyForDeploymentPostprocessing = 0;
		};
		26A5C603193A19230089475F /* Resources */ = {
			isa = PBXResourcesBuildPhase;
			buildActionMask = 2147483647;
			files = (
				26A5C611193A19230089475F /* InfoPlist.strings in Resources */,
			);
			runOnlyForDeploymentPostprocessing = 0;
		};
/* End PBXResourcesBuildPhase section */

/* Begin PBXSourcesBuildPhase section */
		26A5C5E0193A19230089475F /* Sources */ = {
			isa = PBXSourcesBuildPhase;
			buildActionMask = 2147483647;
			files = (
				26A5C5FE193A19230089475F /* ViewController.m in Sources */,
				26A5C5F8193A19230089475F /* AppDelegate.m in Sources */,
				26A5C5F4193A19230089475F /* main.m in Sources */,
			);
			runOnlyForDeploymentPostprocessing = 0;
		};
		26A5C601193A19230089475F /* Sources */ = {
			isa = PBXSourcesBuildPhase;
			buildActionMask = 2147483647;
			files = (
				26A5C613193A19230089475F /* QuintXTests.m in Sources */,
			);
			runOnlyForDeploymentPostprocessing = 0;
		};
/* End PBXSourcesBuildPhase section */

/* Begin PBXTargetDependency section */
		26A5C60B193A19230089475F /* PBXTargetDependency */ = {
			isa = PBXTargetDependency;
			target = 26A5C5E3193A19230089475F /* QuintX */;
			targetProxy = 26A5C60A193A19230089475F /* PBXContainerItemProxy */;
		};
/* End PBXTargetDependency section */

/* Begin PBXVariantGroup section */
		26A5C5F0193A19230089475F /* InfoPlist.strings */ = {
			isa = PBXVariantGroup;
			children = (
				26A5C5F1193A19230089475F /* en */,
			);
			name = InfoPlist.strings;
			sourceTree = "<group>";
		};
		26A5C5F9193A19230089475F /* Main.storyboard */ = {
			isa = PBXVariantGroup;
			children = (
				26A5C5FA193A19230089475F /* Base */,
			);
			name = Main.storyboard;
			sourceTree = "<group>";
		};
		26A5C60F193A19230089475F /* InfoPlist.strings */ = {
			isa = PBXVariantGroup;
			children = (
				26A5C610193A19230089475F /* en */,
			);
			name = InfoPlist.strings;
			sourceTree = "<group>";
		};
/* End PBXVariantGroup section */

/* Begin XCBuildConfiguration section */
		26A5C614193A19230089475F /* Debug */ = {
			isa = XCBuildConfiguration;
			buildSettings = {
				ALWAYS_SEARCH_USER_PATHS = NO;
				CLANG_CXX_LANGUAGE_STANDARD = "gnu++0x";
				CLANG_CXX_LIBRARY = "libc++";
				CLANG_ENABLE_MODULES = YES;
				CLANG_ENABLE_OBJC_ARC = YES;
				CLANG_WARN_BOOL_CONVERSION = YES;
				CLANG_WARN_CONSTANT_CONVERSION = YES;
				CLANG_WARN_DIRECT_OBJC_ISA_USAGE = YES_ERROR;
				CLANG_WARN_EMPTY_BODY = YES;
				CLANG_WARN_ENUM_CONVERSION = YES;
				CLANG_WARN_INT_CONVERSION = YES;
				CLANG_WARN_OBJC_ROOT_CLASS = YES_ERROR;
				CLANG_WARN__DUPLICATE_METHOD_MATCH = YES;
				"CODE_SIGN_IDENTITY[sdk=iphoneos*]" = "iPhone Developer";
				COPY_PHASE_STRIP = NO;
				GCC_C_LANGUAGE_STANDARD = gnu99;
				GCC_DYNAMIC_NO_PIC = NO;
				GCC_OPTIMIZATION_LEVEL = 0;
				GCC_PREPROCESSOR_DEFINITIONS = (
					"DEBUG=1",
					"$(inherited)",
				);
				GCC_SYMBOLS_PRIVATE_EXTERN = NO;
				GCC_WARN_64_TO_32_BIT_CONVERSION = YES;
				GCC_WARN_ABOUT_RETURN_TYPE = YES_ERROR;
				GCC_WARN_UNDECLARED_SELECTOR = YES;
				GCC_WARN_UNINITIALIZED_AUTOS = YES_AGGRESSIVE;
				GCC_WARN_UNUSED_FUNCTION = YES;
				GCC_WARN_UNUSED_VARIABLE = YES;
				IPHONEOS_DEPLOYMENT_TARGET = 7.1;
				ONLY_ACTIVE_ARCH = YES;
				SDKROOT = iphoneos;
				TARGETED_DEVICE_FAMILY = 2;
			};
			name = Debug;
		};
		26A5C615193A19230089475F /* Release */ = {
			isa = XCBuildConfiguration;
			buildSettings = {
				ALWAYS_SEARCH_USER_PATHS = NO;
				CLANG_CXX_LANGUAGE_STANDARD = "gnu++0x";
				CLANG_CXX_LIBRARY = "libc++";
				CLANG_ENABLE_MODULES = YES;
				CLANG_ENABLE_OBJC_ARC = YES;
				CLANG_WARN_BOOL_CONVERSION = YES;
				CLANG_WARN_CONSTANT_CONVERSION = YES;
				CLANG_WARN_DIRECT_OBJC_ISA_USAGE = YES_ERROR;
				CLANG_WARN_EMPTY_BODY = YES;
				CLANG_WARN_ENUM_CONVERSION = YES;
				CLANG_WARN_INT_CONVERSION = YES;
				CLANG_WARN_OBJC_ROOT_CLASS = YES_ERROR;
				CLANG_WARN__DUPLICATE_METHOD_MATCH = YES;
				"CODE_SIGN_IDENTITY[sdk=iphoneos*]" = "iPhone Developer";
				COPY_PHASE_STRIP = YES;
				ENABLE_NS_ASSERTIONS = NO;
				GCC_C_LANGUAGE_STANDARD = gnu99;
				GCC_WARN_64_TO_32_BIT_CONVERSION = YES;
				GCC_WARN_ABOUT_RETURN_TYPE = YES_ERROR;
				GCC_WARN_UNDECLARED_SELECTOR = YES;
				GCC_WARN_UNINITIALIZED_AUTOS = YES_AGGRESSIVE;
				GCC_WARN_UNUSED_FUNCTION = YES;
				GCC_WARN_UNUSED_VARIABLE = YES;
				IPHONEOS_DEPLOYMENT_TARGET = 7.1;
				SDKROOT = iphoneos;
				TARGETED_DEVICE_FAMILY = 2;
				VALIDATE_PRODUCT = YES;
			};
			name = Release;
		};
		26A5C617193A19230089475F /* Debug */ = {
			isa = XCBuildConfiguration;
			buildSettings = {
				ASSETCATALOG_COMPILER_APPICON_NAME = AppIcon;
				ASSETCATALOG_COMPILER_LAUNCHIMAGE_NAME = LaunchImage;
				GCC_PRECOMPILE_PREFIX_HEADER = YES;
				GCC_PREFIX_HEADER = "QuintX/QuintX-Prefix.pch";
				INFOPLIST_FILE = "QuintX/QuintX-Info.plist";
				PRODUCT_NAME = "$(TARGET_NAME)";
				WRAPPER_EXTENSION = app;
			};
			name = Debug;
		};
		26A5C618193A19230089475F /* Release */ = {
			isa = XCBuildConfiguration;
			buildSettings = {
				ASSETCATALOG_COMPILER_APPICON_NAME = AppIcon;
				ASSETCATALOG_COMPILER_LAUNCHIMAGE_NAME = LaunchImage;
				GCC_PRECOMPILE_PREFIX_HEADER = YES;
				GCC_PREFIX_HEADER = "QuintX/QuintX-Prefix.pch";
				INFOPLIST_FILE = "QuintX/QuintX-Info.plist";
				PRODUCT_NAME = "$(TARGET_NAME)";
				WRAPPER_EXTENSION = app;
			};
			name = Release;
		};
		26A5C61A193A19230089475F /* Debug */ = {
			isa = XCBuildConfiguration;
			buildSettings = {
				BUNDLE_LOADER = "$(BUILT_PRODUCTS_DIR)/QuintX.app/QuintX";
				FRAMEWORK_SEARCH_PATHS = (
					"$(SDKROOT)/Developer/Library/Frameworks",
					"$(inherited)",
					"$(DEVELOPER_FRAMEWORKS_DIR)",
				);
				GCC_PRECOMPILE_PREFIX_HEADER = YES;
				GCC_PREFIX_HEADER = "QuintX/QuintX-Prefix.pch";
				GCC_PREPROCESSOR_DEFINITIONS = (
					"DEBUG=1",
					"$(inherited)",
				);
				INFOPLIST_FILE = "QuintXTests/QuintXTests-Info.plist";
				PRODUCT_NAME = "$(TARGET_NAME)";
				TEST_HOST = "$(BUNDLE_LOADER)";
				WRAPPER_EXTENSION = xctest;
			};
			name = Debug;
		};
		26A5C61B193A19230089475F /* Release */ = {
			isa = XCBuildConfiguration;
			buildSettings = {
				BUNDLE_LOADER = "$(BUILT_PRODUCTS_DIR)/QuintX.app/QuintX";
				FRAMEWORK_SEARCH_PATHS = (
					"$(SDKROOT)/Developer/Library/Frameworks",
					"$(inherited)",
					"$(DEVELOPER_FRAMEWORKS_DIR)",
				);
				GCC_PRECOMPILE_PREFIX_HEADER = YES;
				GCC_PREFIX_HEADER = "QuintX/QuintX-Prefix.pch";
				INFOPLIST_FILE = "QuintXTests/QuintXTests-Info.plist";
				PRODUCT_NAME = "$(TARGET_NAME)";
				TEST_HOST = "$(BUNDLE_LOADER)";
				WRAPPER_EXTENSION = xctest;
			};
			name = Release;
		};
/* End XCBuildConfiguration section */

/* Begin XCConfigurationList section */
		26A5C5DF193A19230089475F /* Build configuration list for PBXProject "QuintX" */ = {
			isa = XCConfigurationList;
			buildConfigurations = (
				26A5C614193A19230089475F /* Debug */,
				26A5C615193A19230089475F /* Release */,
			);
			defaultConfigurationIsVisible = 0;
			defaultConfigurationName = Release;
		};
		26A5C616193A19230089475F /* Build configuration list for PBXNativeTarget "QuintX" */ = {
			isa = XCConfigurationList;
			buildConfigurations = (
				26A5C617193A19230089475F /* Debug */,
				26A5C618193A19230089475F /* Release */,
			);
			defaultConfigurationIsVisible = 0;
		};
		26A5C619193A19230089475F /* Build configuration list for PBXNativeTarget "QuintXTests" */ = {
			isa = XCConfigurationList;
			buildConfigurations = (
				26A5C61A193A19230089475F /* Debug */,
				26A5C61B193A19230089475F /* Release */,
			);
			defaultConfigurationIsVisible = 0;
		};
/* End XCConfigurationList section */
	};
	rootObject = 26A5C5DC193A19230089475F /* Project object */;
}
